
Microsoft Visual Studio Solution File, Format Version 12.00
# Visual Studio Version 17
VisualStudioVersion = 17.0.32112.339
MinimumVisualStudioVersion = 10.0.40219.1
Project("{9A19103F-16F7-4668-BE54-9A1E7A4F7556}") = "AllocationSystem.WebApi", "AllocationSystem.WebApi.csproj", "{699ABA90-F2F3-47BF-9A84-5B88F3887892}"
EndProject
Project("{2150E333-8FDC-42A3-9474-1A3956D46DE8}") = "Solution Items", "Solution Items", "{1CA9A12B-A246-4FF3-88EC-2138CE5E5B85}"
	ProjectSection(SolutionItems) = preProject
		readme.md = readme.md
	EndProjectSection
EndProject
Global
	GlobalSection(SolutionConfigurationPlatforms) = preSolution
		Debug|Any CPU = Debug|Any CPU
		Release|Any CPU = Release|Any CPU
	EndGlobalSection
	GlobalSection(ProjectConfigurationPlatforms) = postSolution
		{699ABA90-F2F3-47BF-9A84-5B88F3887892}.Debug|Any CPU.ActiveCfg = Debug|Any CPU
		{699ABA90-F2F3-47BF-9A84-5B88F3887892}.Debug|Any CPU.Build.0 = Debug|Any CPU
		{699ABA90-F2F3-47BF-9A84-5B88F3887892}.Release|Any CPU.ActiveCfg = Release|Any CPU
		{699ABA90-F2F3-47BF-9A84-5B88F3887892}.Release|Any CPU.Build.0 = Release|Any CPU
	EndGlobalSection
	GlobalSection(SolutionProperties) = preSolution
		HideSolutionNode = FALSE
	EndGlobalSection
	GlobalSection(ExtensibilityGlobals) = postSolution
		SolutionGuid = {CA75EE16-0553-4241-B9C8-39BF8E64A189}
	EndGlobalSection
EndGlobal
